
Microsoft Visual Studio Solution File, Format Version 11.00
# Visual Studio 2010
Project("{FAE04EC0-301F-11D3-BF4B-00C04F79EFBC}") = "LOTROE2012", "LOTROE2012.csproj", "{67FBF150-032F-4825-8DFA-B9DC849D0037}"
EndProject
Project("{FAE04EC0-301F-11D3-BF4B-00C04F79EFBC}") = "Server", "..\Server\Server.csproj", "{996B2D87-E770-4CAC-BA4C-86C50B7E223D}"
EndProject
Project("{FAE04EC0-301F-11D3-BF4B-00C04F79EFBC}") = "Settings", "..\Settings\Settings.csproj", "{96C97930-7D4F-4FDE-A140-EACB269B7407}"
EndProject
Project("{FAE04EC0-301F-11D3-BF4B-00C04F79EFBC}") = "Client", "..\Client\Client.csproj", "{6D64D7E8-1D2B-4FA7-A011-215F1BE95312}"
EndProject
Project("{FAE04EC0-301F-11D3-BF4B-00C04F79EFBC}") = "Account", "..\Account\Account.csproj", "{8A03452C-C66E-45B0-8AC2-1EBA0CDE68CA}"
EndProject
Project("{FAE04EC0-301F-11D3-BF4B-00C04F79EFBC}") = "Protocol", "..\Protocol\Protocol.csproj", "{9DB4835F-A84F-4AE7-BE31-36BBC65B6A17}"
EndProject
Global
	GlobalSection(SolutionConfigurationPlatforms) = preSolution
		Debug|Any CPU = Debug|Any CPU
		Debug|Mixed Platforms = Debug|Mixed Platforms
		Debug|x86 = Debug|x86
		Release|Any CPU = Release|Any CPU
		Release|Mixed Platforms = Release|Mixed Platforms
		Release|x86 = Release|x86
	EndGlobalSection
	GlobalSection(ProjectConfigurationPlatforms) = postSolution
		{67FBF150-032F-4825-8DFA-B9DC849D0037}.Debug|Any CPU.ActiveCfg = Debug|x86
		{67FBF150-032F-4825-8DFA-B9DC849D0037}.Debug|Mixed Platforms.ActiveCfg = Debug|x86
		{67FBF150-032F-4825-8DFA-B9DC849D0037}.Debug|Mixed Platforms.Build.0 = Debug|x86
		{67FBF150-032F-4825-8DFA-B9DC849D0037}.Debug|x86.ActiveCfg = Debug|x86
		{67FBF150-032F-4825-8DFA-B9DC849D0037}.Debug|x86.Build.0 = Debug|x86
		{67FBF150-032F-4825-8DFA-B9DC849D0037}.Release|Any CPU.ActiveCfg = Release|x86
		{67FBF150-032F-4825-8DFA-B9DC849D0037}.Release|Mixed Platforms.ActiveCfg = Release|x86
		{67FBF150-032F-4825-8DFA-B9DC849D0037}.Release|Mixed Platforms.Build.0 = Release|x86
		{67FBF150-032F-4825-8DFA-B9DC849D0037}.Release|x86.ActiveCfg = Release|x86
		{67FBF150-032F-4825-8DFA-B9DC849D0037}.Release|x86.Build.0 = Release|x86
		{996B2D87-E770-4CAC-BA4C-86C50B7E223D}.Debug|Any CPU.ActiveCfg = Debug|Any CPU
		{996B2D87-E770-4CAC-BA4C-86C50B7E223D}.Debug|Any CPU.Build.0 = Debug|Any CPU
		{996B2D87-E770-4CAC-BA4C-86C50B7E223D}.Debug|Mixed Platforms.ActiveCfg = Debug|Any CPU
		{996B2D87-E770-4CAC-BA4C-86C50B7E223D}.Debug|Mixed Platforms.Build.0 = Debug|Any CPU
		{996B2D87-E770-4CAC-BA4C-86C50B7E223D}.Debug|x86.ActiveCfg = Debug|Any CPU
		{996B2D87-E770-4CAC-BA4C-86C50B7E223D}.Release|Any CPU.ActiveCfg = Release|Any CPU
		{996B2D87-E770-4CAC-BA4C-86C50B7E223D}.Release|Any CPU.Build.0 = Release|Any CPU
		{996B2D87-E770-4CAC-BA4C-86C50B7E223D}.Release|Mixed Platforms.ActiveCfg = Release|Any CPU
		{996B2D87-E770-4CAC-BA4C-86C50B7E223D}.Release|Mixed Platforms.Build.0 = Release|Any CPU
		{996B2D87-E770-4CAC-BA4C-86C50B7E223D}.Release|x86.ActiveCfg = Release|Any CPU
		{96C97930-7D4F-4FDE-A140-EACB269B7407}.Debug|Any CPU.ActiveCfg = Debug|Any CPU
		{96C97930-7D4F-4FDE-A140-EACB269B7407}.Debug|Any CPU.Build.0 = Debug|Any CPU
		{96C97930-7D4F-4FDE-A140-EACB269B7407}.Debug|Mixed Platforms.ActiveCfg = Debug|Any CPU
		{96C97930-7D4F-4FDE-A140-EACB269B7407}.Debug|Mixed Platforms.Build.0 = Debug|Any CPU
		{96C97930-7D4F-4FDE-A140-EACB269B7407}.Debug|x86.ActiveCfg = Debug|Any CPU
		{96C97930-7D4F-4FDE-A140-EACB269B7407}.Release|Any CPU.ActiveCfg = Release|Any CPU
		{96C97930-7D4F-4FDE-A140-EACB269B7407}.Release|Any CPU.Build.0 = Release|Any CPU
		{96C97930-7D4F-4FDE-A140-EACB269B7407}.Release|Mixed Platforms.ActiveCfg = Release|Any CPU
		{96C97930-7D4F-4FDE-A140-EACB269B7407}.Release|Mixed Platforms.Build.0 = Release|Any CPU
		{96C97930-7D4F-4FDE-A140-EACB269B7407}.Release|x86.ActiveCfg = Release|Any CPU
		{6D64D7E8-1D2B-4FA7-A011-215F1BE95312}.Debug|Any CPU.ActiveCfg = Debug|Any CPU
		{6D64D7E8-1D2B-4FA7-A011-215F1BE95312}.Debug|Any CPU.Build.0 = Debug|Any CPU
		{6D64D7E8-1D2B-4FA7-A011-215F1BE95312}.Debug|Mixed Platforms.ActiveCfg = Debug|Any CPU
		{6D64D7E8-1D2B-4FA7-A011-215F1BE95312}.Debug|Mixed Platforms.Build.0 = Debug|Any CPU
		{6D64D7E8-1D2B-4FA7-A011-215F1BE95312}.Debug|x86.ActiveCfg = Debug|Any CPU
		{6D64D7E8-1D2B-4FA7-A011-215F1BE95312}.Release|Any CPU.ActiveCfg = Release|Any CPU
		{6D64D7E8-1D2B-4FA7-A011-215F1BE95312}.Release|Any CPU.Build.0 = Release|Any CPU
		{6D64D7E8-1D2B-4FA7-A011-215F1BE95312}.Release|Mixed Platforms.ActiveCfg = Release|Any CPU
		{6D64D7E8-1D2B-4FA7-A011-215F1BE95312}.Release|Mixed Platforms.Build.0 = Release|Any CPU
		{6D64D7E8-1D2B-4FA7-A011-215F1BE95312}.Release|x86.ActiveCfg = Release|Any CPU
		{8A03452C-C66E-45B0-8AC2-1EBA0CDE68CA}.Debug|Any CPU.ActiveCfg = Debug|Any CPU
		{8A03452C-C66E-45B0-8AC2-1EBA0CDE68CA}.Debug|Any CPU.Build.0 = Debug|Any CPU
		{8A03452C-C66E-45B0-8AC2-1EBA0CDE68CA}.Debug|Mixed Platforms.ActiveCfg = Debug|Any CPU
		{8A03452C-C66E-45B0-8AC2-1EBA0CDE68CA}.Debug|Mixed Platforms.Build.0 = Debug|Any CPU
		{8A03452C-C66E-45B0-8AC2-1EBA0CDE68CA}.Debug|x86.ActiveCfg = Debug|Any CPU
		{8A03452C-C66E-45B0-8AC2-1EBA0CDE68CA}.Release|Any CPU.ActiveCfg = Release|Any CPU
		{8A03452C-C66E-45B0-8AC2-1EBA0CDE68CA}.Release|Any CPU.Build.0 = Release|Any CPU
		{8A03452C-C66E-45B0-8AC2-1EBA0CDE68CA}.Release|Mixed Platforms.ActiveCfg = Release|Any CPU
		{8A03452C-C66E-45B0-8AC2-1EBA0CDE68CA}.Release|Mixed Platforms.Build.0 = Release|Any CPU
		{8A03452C-C66E-45B0-8AC2-1EBA0CDE68CA}.Release|x86.ActiveCfg = Release|Any CPU
		{9DB4835F-A84F-4AE7-BE31-36BBC65B6A17}.Debug|Any CPU.ActiveCfg = Debug|Any CPU
		{9DB4835F-A84F-4AE7-BE31-36BBC65B6A17}.Debug|Any CPU.Build.0 = Debug|Any CPU
		{9DB4835F-A84F-4AE7-BE31-36BBC65B6A17}.Debug|Mixed Platforms.ActiveCfg = Debug|Any CPU
		{9DB4835F-A84F-4AE7-BE31-36BBC65B6A17}.Debug|Mixed Platforms.Build.0 = Debug|Any CPU
		{9DB4835F-A84F-4AE7-BE31-36BBC65B6A17}.Debug|x86.ActiveCfg = Debug|Any CPU
		{9DB4835F-A84F-4AE7-BE31-36BBC65B6A17}.Release|Any CPU.ActiveCfg = Release|Any CPU
		{9DB4835F-A84F-4AE7-BE31-36BBC65B6A17}.Release|Any CPU.Build.0 = Release|Any CPU
		{9DB4835F-A84F-4AE7-BE31-36BBC65B6A17}.Release|Mixed Platforms.ActiveCfg = Release|Any CPU
		{9DB4835F-A84F-4AE7-BE31-36BBC65B6A17}.Release|Mixed Platforms.Build.0 = Release|Any CPU
		{9DB4835F-A84F-4AE7-BE31-36BBC65B6A17}.Release|x86.ActiveCfg = Release|Any CPU
	EndGlobalSection
	GlobalSection(SolutionProperties) = preSolution
		HideSolutionNode = FALSE
	EndGlobalSection
EndGlobal
