
Microsoft Visual Studio Solution File, Format Version 12.00
# Visual Studio 2013
VisualStudioVersion = 12.0.30501.0
MinimumVisualStudioVersion = 10.0.40219.1
Project("{FAE04EC0-301F-11D3-BF4B-00C04F79EFBC}") = "LOTROendecrypt", "LOTROendecrypt\LOTROendecrypt.csproj", "{AA2C8FD2-54A6-4016-BC18-0A5C60B7BB3B}"
EndProject
Project("{FAE04EC0-301F-11D3-BF4B-00C04F79EFBC}") = "Server", "Server\Server.csproj", "{80770937-969A-40F1-8FD1-FF9FC1021343}"
EndProject
Project("{FAE04EC0-301F-11D3-BF4B-00C04F79EFBC}") = "LOTROendecryptClient", "LOTROendecryptClient\LOTROendecryptClient.csproj", "{6636BF97-0361-4AFF-BAF2-BEC426D9A61B}"
EndProject
Project("{FAE04EC0-301F-11D3-BF4B-00C04F79EFBC}") = "LOTROPacketCaptureAndAutoDecryption", "LOTROPacketCaptureAndAutoDecryption\LOTROPacketCaptureAndAutoDecryption.csproj", "{D269D081-3F75-4B8D-82C3-5468D5A4DE4E}"
EndProject
Project("{FAE04EC0-301F-11D3-BF4B-00C04F79EFBC}") = "liblotro", "liblotro\liblotro.csproj", "{3ACC1CC5-5AAE-4182-8BB7-63EB780D601A}"
EndProject
Project("{FAE04EC0-301F-11D3-BF4B-00C04F79EFBC}") = "Settings", "Settings\Settings.csproj", "{96C97930-7D4F-4FDE-A140-EACB269B7407}"
EndProject
Project("{FAE04EC0-301F-11D3-BF4B-00C04F79EFBC}") = "AccountControl", "Account\AccountControl.csproj", "{8A03452C-C66E-45B0-8AC2-1EBA0CDE68CA}"
EndProject
Project("{FAE04EC0-301F-11D3-BF4B-00C04F79EFBC}") = "SessionControl", "Client\SessionControl.csproj", "{6D64D7E8-1D2B-4FA7-A011-215F1BE95312}"
EndProject
Project("{FAE04EC0-301F-11D3-BF4B-00C04F79EFBC}") = "Protocol", "Protocol\Protocol.csproj", "{9DB4835F-A84F-4AE7-BE31-36BBC65B6A17}"
EndProject
Project("{FAE04EC0-301F-11D3-BF4B-00C04F79EFBC}") = "HelperAnalyzer", "HelperAnalyzer\HelperAnalyzer.csproj", "{8FC26E4E-8D15-4E0F-B7CB-04915321670C}"
EndProject
Project("{FAE04EC0-301F-11D3-BF4B-00C04F79EFBC}") = "PacketBrowser", "PacketBrowser\PacketBrowser.csproj", "{65975DDA-28D6-4DA5-AC7F-D938855DB38D}"
EndProject
Global
	GlobalSection(SolutionConfigurationPlatforms) = preSolution
		Debug|Any CPU = Debug|Any CPU
		Debug|Mixed Platforms = Debug|Mixed Platforms
		Debug|x86 = Debug|x86
		Release|Any CPU = Release|Any CPU
		Release|Mixed Platforms = Release|Mixed Platforms
		Release|x86 = Release|x86
	EndGlobalSection
	GlobalSection(ProjectConfigurationPlatforms) = postSolution
		{AA2C8FD2-54A6-4016-BC18-0A5C60B7BB3B}.Debug|Any CPU.ActiveCfg = Debug|Any CPU
		{AA2C8FD2-54A6-4016-BC18-0A5C60B7BB3B}.Debug|Any CPU.Build.0 = Debug|Any CPU
		{AA2C8FD2-54A6-4016-BC18-0A5C60B7BB3B}.Debug|Mixed Platforms.ActiveCfg = Debug|Any CPU
		{AA2C8FD2-54A6-4016-BC18-0A5C60B7BB3B}.Debug|Mixed Platforms.Build.0 = Debug|Any CPU
		{AA2C8FD2-54A6-4016-BC18-0A5C60B7BB3B}.Debug|x86.ActiveCfg = Debug|Any CPU
		{AA2C8FD2-54A6-4016-BC18-0A5C60B7BB3B}.Release|Any CPU.ActiveCfg = Release|Any CPU
		{AA2C8FD2-54A6-4016-BC18-0A5C60B7BB3B}.Release|Any CPU.Build.0 = Release|Any CPU
		{AA2C8FD2-54A6-4016-BC18-0A5C60B7BB3B}.Release|Mixed Platforms.ActiveCfg = Release|Any CPU
		{AA2C8FD2-54A6-4016-BC18-0A5C60B7BB3B}.Release|Mixed Platforms.Build.0 = Release|Any CPU
		{AA2C8FD2-54A6-4016-BC18-0A5C60B7BB3B}.Release|x86.ActiveCfg = Release|Any CPU
		{80770937-969A-40F1-8FD1-FF9FC1021343}.Debug|Any CPU.ActiveCfg = Debug|Any CPU
		{80770937-969A-40F1-8FD1-FF9FC1021343}.Debug|Any CPU.Build.0 = Debug|Any CPU
		{80770937-969A-40F1-8FD1-FF9FC1021343}.Debug|Mixed Platforms.ActiveCfg = Debug|Any CPU
		{80770937-969A-40F1-8FD1-FF9FC1021343}.Debug|Mixed Platforms.Build.0 = Debug|Any CPU
		{80770937-969A-40F1-8FD1-FF9FC1021343}.Debug|x86.ActiveCfg = Debug|Any CPU
		{80770937-969A-40F1-8FD1-FF9FC1021343}.Release|Any CPU.ActiveCfg = Release|Any CPU
		{80770937-969A-40F1-8FD1-FF9FC1021343}.Release|Any CPU.Build.0 = Release|Any CPU
		{80770937-969A-40F1-8FD1-FF9FC1021343}.Release|Mixed Platforms.ActiveCfg = Release|Any CPU
		{80770937-969A-40F1-8FD1-FF9FC1021343}.Release|Mixed Platforms.Build.0 = Release|Any CPU
		{80770937-969A-40F1-8FD1-FF9FC1021343}.Release|x86.ActiveCfg = Release|Any CPU
		{6636BF97-0361-4AFF-BAF2-BEC426D9A61B}.Debug|Any CPU.ActiveCfg = Debug|Any CPU
		{6636BF97-0361-4AFF-BAF2-BEC426D9A61B}.Debug|Any CPU.Build.0 = Debug|Any CPU
		{6636BF97-0361-4AFF-BAF2-BEC426D9A61B}.Debug|Mixed Platforms.ActiveCfg = Debug|Any CPU
		{6636BF97-0361-4AFF-BAF2-BEC426D9A61B}.Debug|Mixed Platforms.Build.0 = Debug|Any CPU
		{6636BF97-0361-4AFF-BAF2-BEC426D9A61B}.Debug|x86.ActiveCfg = Debug|Any CPU
		{6636BF97-0361-4AFF-BAF2-BEC426D9A61B}.Release|Any CPU.ActiveCfg = Release|Any CPU
		{6636BF97-0361-4AFF-BAF2-BEC426D9A61B}.Release|Any CPU.Build.0 = Release|Any CPU
		{6636BF97-0361-4AFF-BAF2-BEC426D9A61B}.Release|Mixed Platforms.ActiveCfg = Release|Any CPU
		{6636BF97-0361-4AFF-BAF2-BEC426D9A61B}.Release|Mixed Platforms.Build.0 = Release|Any CPU
		{6636BF97-0361-4AFF-BAF2-BEC426D9A61B}.Release|x86.ActiveCfg = Release|Any CPU
		{D269D081-3F75-4B8D-82C3-5468D5A4DE4E}.Debug|Any CPU.ActiveCfg = Debug|Any CPU
		{D269D081-3F75-4B8D-82C3-5468D5A4DE4E}.Debug|Any CPU.Build.0 = Debug|Any CPU
		{D269D081-3F75-4B8D-82C3-5468D5A4DE4E}.Debug|Mixed Platforms.ActiveCfg = Debug|Any CPU
		{D269D081-3F75-4B8D-82C3-5468D5A4DE4E}.Debug|Mixed Platforms.Build.0 = Debug|Any CPU
		{D269D081-3F75-4B8D-82C3-5468D5A4DE4E}.Debug|x86.ActiveCfg = Debug|Any CPU
		{D269D081-3F75-4B8D-82C3-5468D5A4DE4E}.Release|Any CPU.ActiveCfg = Release|Any CPU
		{D269D081-3F75-4B8D-82C3-5468D5A4DE4E}.Release|Any CPU.Build.0 = Release|Any CPU
		{D269D081-3F75-4B8D-82C3-5468D5A4DE4E}.Release|Mixed Platforms.ActiveCfg = Release|Any CPU
		{D269D081-3F75-4B8D-82C3-5468D5A4DE4E}.Release|Mixed Platforms.Build.0 = Release|Any CPU
		{D269D081-3F75-4B8D-82C3-5468D5A4DE4E}.Release|x86.ActiveCfg = Release|Any CPU
		{3ACC1CC5-5AAE-4182-8BB7-63EB780D601A}.Debug|Any CPU.ActiveCfg = Debug|Any CPU
		{3ACC1CC5-5AAE-4182-8BB7-63EB780D601A}.Debug|Any CPU.Build.0 = Debug|Any CPU
		{3ACC1CC5-5AAE-4182-8BB7-63EB780D601A}.Debug|Mixed Platforms.ActiveCfg = Debug|Any CPU
		{3ACC1CC5-5AAE-4182-8BB7-63EB780D601A}.Debug|Mixed Platforms.Build.0 = Debug|Any CPU
		{3ACC1CC5-5AAE-4182-8BB7-63EB780D601A}.Debug|x86.ActiveCfg = Debug|Any CPU
		{3ACC1CC5-5AAE-4182-8BB7-63EB780D601A}.Debug|x86.Build.0 = Debug|Any CPU
		{3ACC1CC5-5AAE-4182-8BB7-63EB780D601A}.Release|Any CPU.ActiveCfg = Release|Any CPU
		{3ACC1CC5-5AAE-4182-8BB7-63EB780D601A}.Release|Any CPU.Build.0 = Release|Any CPU
		{3ACC1CC5-5AAE-4182-8BB7-63EB780D601A}.Release|Mixed Platforms.ActiveCfg = Release|Any CPU
		{3ACC1CC5-5AAE-4182-8BB7-63EB780D601A}.Release|Mixed Platforms.Build.0 = Release|Any CPU
		{3ACC1CC5-5AAE-4182-8BB7-63EB780D601A}.Release|x86.ActiveCfg = Release|Any CPU
		{3ACC1CC5-5AAE-4182-8BB7-63EB780D601A}.Release|x86.Build.0 = Release|Any CPU
		{96C97930-7D4F-4FDE-A140-EACB269B7407}.Debug|Any CPU.ActiveCfg = Debug|Any CPU
		{96C97930-7D4F-4FDE-A140-EACB269B7407}.Debug|Any CPU.Build.0 = Debug|Any CPU
		{96C97930-7D4F-4FDE-A140-EACB269B7407}.Debug|Mixed Platforms.ActiveCfg = Debug|Any CPU
		{96C97930-7D4F-4FDE-A140-EACB269B7407}.Debug|Mixed Platforms.Build.0 = Debug|Any CPU
		{96C97930-7D4F-4FDE-A140-EACB269B7407}.Debug|x86.ActiveCfg = Debug|Any CPU
		{96C97930-7D4F-4FDE-A140-EACB269B7407}.Release|Any CPU.ActiveCfg = Release|Any CPU
		{96C97930-7D4F-4FDE-A140-EACB269B7407}.Release|Any CPU.Build.0 = Release|Any CPU
		{96C97930-7D4F-4FDE-A140-EACB269B7407}.Release|Mixed Platforms.ActiveCfg = Release|Any CPU
		{96C97930-7D4F-4FDE-A140-EACB269B7407}.Release|Mixed Platforms.Build.0 = Release|Any CPU
		{96C97930-7D4F-4FDE-A140-EACB269B7407}.Release|x86.ActiveCfg = Release|Any CPU
		{8A03452C-C66E-45B0-8AC2-1EBA0CDE68CA}.Debug|Any CPU.ActiveCfg = Debug|Any CPU
		{8A03452C-C66E-45B0-8AC2-1EBA0CDE68CA}.Debug|Any CPU.Build.0 = Debug|Any CPU
		{8A03452C-C66E-45B0-8AC2-1EBA0CDE68CA}.Debug|Mixed Platforms.ActiveCfg = Debug|Any CPU
		{8A03452C-C66E-45B0-8AC2-1EBA0CDE68CA}.Debug|Mixed Platforms.Build.0 = Debug|Any CPU
		{8A03452C-C66E-45B0-8AC2-1EBA0CDE68CA}.Debug|x86.ActiveCfg = Debug|Any CPU
		{8A03452C-C66E-45B0-8AC2-1EBA0CDE68CA}.Release|Any CPU.ActiveCfg = Release|Any CPU
		{8A03452C-C66E-45B0-8AC2-1EBA0CDE68CA}.Release|Any CPU.Build.0 = Release|Any CPU
		{8A03452C-C66E-45B0-8AC2-1EBA0CDE68CA}.Release|Mixed Platforms.ActiveCfg = Release|Any CPU
		{8A03452C-C66E-45B0-8AC2-1EBA0CDE68CA}.Release|Mixed Platforms.Build.0 = Release|Any CPU
		{8A03452C-C66E-45B0-8AC2-1EBA0CDE68CA}.Release|x86.ActiveCfg = Release|Any CPU
		{6D64D7E8-1D2B-4FA7-A011-215F1BE95312}.Debug|Any CPU.ActiveCfg = Debug|Any CPU
		{6D64D7E8-1D2B-4FA7-A011-215F1BE95312}.Debug|Any CPU.Build.0 = Debug|Any CPU
		{6D64D7E8-1D2B-4FA7-A011-215F1BE95312}.Debug|Mixed Platforms.ActiveCfg = Debug|Any CPU
		{6D64D7E8-1D2B-4FA7-A011-215F1BE95312}.Debug|Mixed Platforms.Build.0 = Debug|Any CPU
		{6D64D7E8-1D2B-4FA7-A011-215F1BE95312}.Debug|x86.ActiveCfg = Debug|Any CPU
		{6D64D7E8-1D2B-4FA7-A011-215F1BE95312}.Release|Any CPU.ActiveCfg = Release|Any CPU
		{6D64D7E8-1D2B-4FA7-A011-215F1BE95312}.Release|Any CPU.Build.0 = Release|Any CPU
		{6D64D7E8-1D2B-4FA7-A011-215F1BE95312}.Release|Mixed Platforms.ActiveCfg = Release|Any CPU
		{6D64D7E8-1D2B-4FA7-A011-215F1BE95312}.Release|Mixed Platforms.Build.0 = Release|Any CPU
		{6D64D7E8-1D2B-4FA7-A011-215F1BE95312}.Release|x86.ActiveCfg = Release|Any CPU
		{9DB4835F-A84F-4AE7-BE31-36BBC65B6A17}.Debug|Any CPU.ActiveCfg = Debug|Any CPU
		{9DB4835F-A84F-4AE7-BE31-36BBC65B6A17}.Debug|Any CPU.Build.0 = Debug|Any CPU
		{9DB4835F-A84F-4AE7-BE31-36BBC65B6A17}.Debug|Mixed Platforms.ActiveCfg = Debug|Any CPU
		{9DB4835F-A84F-4AE7-BE31-36BBC65B6A17}.Debug|Mixed Platforms.Build.0 = Debug|Any CPU
		{9DB4835F-A84F-4AE7-BE31-36BBC65B6A17}.Debug|x86.ActiveCfg = Debug|Any CPU
		{9DB4835F-A84F-4AE7-BE31-36BBC65B6A17}.Release|Any CPU.ActiveCfg = Release|Any CPU
		{9DB4835F-A84F-4AE7-BE31-36BBC65B6A17}.Release|Any CPU.Build.0 = Release|Any CPU
		{9DB4835F-A84F-4AE7-BE31-36BBC65B6A17}.Release|Mixed Platforms.ActiveCfg = Release|Any CPU
		{9DB4835F-A84F-4AE7-BE31-36BBC65B6A17}.Release|Mixed Platforms.Build.0 = Release|Any CPU
		{9DB4835F-A84F-4AE7-BE31-36BBC65B6A17}.Release|x86.ActiveCfg = Release|Any CPU
		{8FC26E4E-8D15-4E0F-B7CB-04915321670C}.Debug|Any CPU.ActiveCfg = Debug|Any CPU
		{8FC26E4E-8D15-4E0F-B7CB-04915321670C}.Debug|Any CPU.Build.0 = Debug|Any CPU
		{8FC26E4E-8D15-4E0F-B7CB-04915321670C}.Debug|Mixed Platforms.ActiveCfg = Debug|Any CPU
		{8FC26E4E-8D15-4E0F-B7CB-04915321670C}.Debug|Mixed Platforms.Build.0 = Debug|Any CPU
		{8FC26E4E-8D15-4E0F-B7CB-04915321670C}.Debug|x86.ActiveCfg = Debug|Any CPU
		{8FC26E4E-8D15-4E0F-B7CB-04915321670C}.Release|Any CPU.ActiveCfg = Release|Any CPU
		{8FC26E4E-8D15-4E0F-B7CB-04915321670C}.Release|Any CPU.Build.0 = Release|Any CPU
		{8FC26E4E-8D15-4E0F-B7CB-04915321670C}.Release|Mixed Platforms.ActiveCfg = Release|Any CPU
		{8FC26E4E-8D15-4E0F-B7CB-04915321670C}.Release|Mixed Platforms.Build.0 = Release|Any CPU
		{8FC26E4E-8D15-4E0F-B7CB-04915321670C}.Release|x86.ActiveCfg = Release|Any CPU
		{65975DDA-28D6-4DA5-AC7F-D938855DB38D}.Debug|Any CPU.ActiveCfg = Debug|Any CPU
		{65975DDA-28D6-4DA5-AC7F-D938855DB38D}.Debug|Any CPU.Build.0 = Debug|Any CPU
		{65975DDA-28D6-4DA5-AC7F-D938855DB38D}.Debug|Mixed Platforms.ActiveCfg = Debug|Any CPU
		{65975DDA-28D6-4DA5-AC7F-D938855DB38D}.Debug|Mixed Platforms.Build.0 = Debug|Any CPU
		{65975DDA-28D6-4DA5-AC7F-D938855DB38D}.Debug|x86.ActiveCfg = Debug|Any CPU
		{65975DDA-28D6-4DA5-AC7F-D938855DB38D}.Release|Any CPU.ActiveCfg = Release|Any CPU
		{65975DDA-28D6-4DA5-AC7F-D938855DB38D}.Release|Any CPU.Build.0 = Release|Any CPU
		{65975DDA-28D6-4DA5-AC7F-D938855DB38D}.Release|Mixed Platforms.ActiveCfg = Release|Any CPU
		{65975DDA-28D6-4DA5-AC7F-D938855DB38D}.Release|Mixed Platforms.Build.0 = Release|Any CPU
		{65975DDA-28D6-4DA5-AC7F-D938855DB38D}.Release|x86.ActiveCfg = Release|Any CPU
	EndGlobalSection
	GlobalSection(SolutionProperties) = preSolution
		HideSolutionNode = FALSE
	EndGlobalSection
	GlobalSection(MonoDevelopProperties) = preSolution
		StartupItem = LOTROendecrypt\LOTROendecrypt.csproj
	EndGlobalSection
EndGlobal
